
Microsoft Visual Studio Solution File, Format Version 12.00
# Visual Studio Version 16
VisualStudioVersion = 16.0.30523.141
MinimumVisualStudioVersion = 10.0.40219.1
Project("{9A19103F-16F7-4668-BE54-9A1E7A4F7556}") = "StringProcessor", "StringProcessor\StringProcessor.csproj", "{65ADD5C7-BB2B-4299-8338-892E5D091DF6}"
EndProject
Project("{FAE04EC0-301F-11D3-BF4B-00C04F79EFBC}") = "StringProcessorTests", "StringProcessorTests\StringProcessorTests.csproj", "{15B8948B-3AE2-4AAA-8CCD-5F55DA5CB2CE}"
EndProject
Global
	GlobalSection(SolutionConfigurationPlatforms) = preSolution
		Debug|Any CPU = Debug|Any CPU
		Release|Any CPU = Release|Any CPU
	EndGlobalSection
	GlobalSection(ProjectConfigurationPlatforms) = postSolution
		{65ADD5C7-BB2B-4299-8338-892E5D091DF6}.Debug|Any CPU.ActiveCfg = Debug|Any CPU
		{65ADD5C7-BB2B-4299-8338-892E5D091DF6}.Debug|Any CPU.Build.0 = Debug|Any CPU
		{65ADD5C7-BB2B-4299-8338-892E5D091DF6}.Release|Any CPU.ActiveCfg = Release|Any CPU
		{65ADD5C7-BB2B-4299-8338-892E5D091DF6}.Release|Any CPU.Build.0 = Release|Any CPU
		{15B8948B-3AE2-4AAA-8CCD-5F55DA5CB2CE}.Debug|Any CPU.ActiveCfg = Debug|Any CPU
		{15B8948B-3AE2-4AAA-8CCD-5F55DA5CB2CE}.Debug|Any CPU.Build.0 = Debug|Any CPU
		{15B8948B-3AE2-4AAA-8CCD-5F55DA5CB2CE}.Release|Any CPU.ActiveCfg = Release|Any CPU
		{15B8948B-3AE2-4AAA-8CCD-5F55DA5CB2CE}.Release|Any CPU.Build.0 = Release|Any CPU
	EndGlobalSection
	GlobalSection(SolutionProperties) = preSolution
		HideSolutionNode = FALSE
	EndGlobalSection
	GlobalSection(ExtensibilityGlobals) = postSolution
		SolutionGuid = {0FFEA513-AD70-4FB2-9A99-B8BB079167DD}
	EndGlobalSection
EndGlobal
